
Microsoft Visual Studio Solution File, Format Version 12.00
# Visual Studio Version 17
VisualStudioVersion = 17.2.32616.157
MinimumVisualStudioVersion = 10.0.40219.1
Project("{FAE04EC0-301F-11D3-BF4B-00C04F79EFBC}") = "AppAsistente.Android", "AppAsistente\AppAsistente.Android\AppAsistente.Android.csproj", "{C52332D5-6372-4E4C-9592-959BD0989E28}"
EndProject
Project("{FAE04EC0-301F-11D3-BF4B-00C04F79EFBC}") = "AppAsistente.iOS", "AppAsistente\AppAsistente.iOS\AppAsistente.iOS.csproj", "{58B68506-E84B-4750-AE5B-99432508A48C}"
EndProject
Project("{FAE04EC0-301F-11D3-BF4B-00C04F79EFBC}") = "AppAsistente", "AppAsistente\AppAsistente\AppAsistente.csproj", "{23EBFBED-08FC-4345-AFCD-1A4D1C91363B}"
EndProject
Global
	GlobalSection(SolutionConfigurationPlatforms) = preSolution
		Debug|Any CPU = Debug|Any CPU
		Debug|iPhone = Debug|iPhone
		Debug|iPhoneSimulator = Debug|iPhoneSimulator
		Release|Any CPU = Release|Any CPU
		Release|iPhone = Release|iPhone
		Release|iPhoneSimulator = Release|iPhoneSimulator
	EndGlobalSection
	GlobalSection(ProjectConfigurationPlatforms) = postSolution
		{C52332D5-6372-4E4C-9592-959BD0989E28}.Debug|Any CPU.ActiveCfg = Debug|Any CPU
		{C52332D5-6372-4E4C-9592-959BD0989E28}.Debug|Any CPU.Build.0 = Debug|Any CPU
		{C52332D5-6372-4E4C-9592-959BD0989E28}.Debug|Any CPU.Deploy.0 = Debug|Any CPU
		{C52332D5-6372-4E4C-9592-959BD0989E28}.Debug|iPhone.ActiveCfg = Debug|Any CPU
		{C52332D5-6372-4E4C-9592-959BD0989E28}.Debug|iPhone.Build.0 = Debug|Any CPU
		{C52332D5-6372-4E4C-9592-959BD0989E28}.Debug|iPhone.Deploy.0 = Debug|Any CPU
		{C52332D5-6372-4E4C-9592-959BD0989E28}.Debug|iPhoneSimulator.ActiveCfg = Debug|Any CPU
		{C52332D5-6372-4E4C-9592-959BD0989E28}.Debug|iPhoneSimulator.Build.0 = Debug|Any CPU
		{C52332D5-6372-4E4C-9592-959BD0989E28}.Debug|iPhoneSimulator.Deploy.0 = Debug|Any CPU
		{C52332D5-6372-4E4C-9592-959BD0989E28}.Release|Any CPU.ActiveCfg = Release|Any CPU
		{C52332D5-6372-4E4C-9592-959BD0989E28}.Release|Any CPU.Build.0 = Release|Any CPU
		{C52332D5-6372-4E4C-9592-959BD0989E28}.Release|Any CPU.Deploy.0 = Release|Any CPU
		{C52332D5-6372-4E4C-9592-959BD0989E28}.Release|iPhone.ActiveCfg = Release|Any CPU
		{C52332D5-6372-4E4C-9592-959BD0989E28}.Release|iPhone.Build.0 = Release|Any CPU
		{C52332D5-6372-4E4C-9592-959BD0989E28}.Release|iPhone.Deploy.0 = Release|Any CPU
		{C52332D5-6372-4E4C-9592-959BD0989E28}.Release|iPhoneSimulator.ActiveCfg = Release|Any CPU
		{C52332D5-6372-4E4C-9592-959BD0989E28}.Release|iPhoneSimulator.Build.0 = Release|Any CPU
		{C52332D5-6372-4E4C-9592-959BD0989E28}.Release|iPhoneSimulator.Deploy.0 = Release|Any CPU
		{58B68506-E84B-4750-AE5B-99432508A48C}.Debug|Any CPU.ActiveCfg = Debug|iPhone
		{58B68506-E84B-4750-AE5B-99432508A48C}.Debug|Any CPU.Build.0 = Debug|iPhone
		{58B68506-E84B-4750-AE5B-99432508A48C}.Debug|Any CPU.Deploy.0 = Debug|iPhone
		{58B68506-E84B-4750-AE5B-99432508A48C}.Debug|iPhone.ActiveCfg = Debug|iPhone
		{58B68506-E84B-4750-AE5B-99432508A48C}.Debug|iPhone.Build.0 = Debug|iPhone
		{58B68506-E84B-4750-AE5B-99432508A48C}.Debug|iPhone.Deploy.0 = Debug|iPhone
		{58B68506-E84B-4750-AE5B-99432508A48C}.Debug|iPhoneSimulator.ActiveCfg = Debug|iPhoneSimulator
		{58B68506-E84B-4750-AE5B-99432508A48C}.Debug|iPhoneSimulator.Build.0 = Debug|iPhoneSimulator
		{58B68506-E84B-4750-AE5B-99432508A48C}.Debug|iPhoneSimulator.Deploy.0 = Debug|iPhoneSimulator
		{58B68506-E84B-4750-AE5B-99432508A48C}.Release|Any CPU.ActiveCfg = Release|iPhoneSimulator
		{58B68506-E84B-4750-AE5B-99432508A48C}.Release|Any CPU.Build.0 = Release|iPhoneSimulator
		{58B68506-E84B-4750-AE5B-99432508A48C}.Release|Any CPU.Deploy.0 = Release|iPhoneSimulator
		{58B68506-E84B-4750-AE5B-99432508A48C}.Release|iPhone.ActiveCfg = Release|iPhone
		{58B68506-E84B-4750-AE5B-99432508A48C}.Release|iPhone.Build.0 = Release|iPhone
		{58B68506-E84B-4750-AE5B-99432508A48C}.Release|iPhone.Deploy.0 = Release|iPhone
		{58B68506-E84B-4750-AE5B-99432508A48C}.Release|iPhoneSimulator.ActiveCfg = Release|iPhoneSimulator
		{58B68506-E84B-4750-AE5B-99432508A48C}.Release|iPhoneSimulator.Build.0 = Release|iPhoneSimulator
		{58B68506-E84B-4750-AE5B-99432508A48C}.Release|iPhoneSimulator.Deploy.0 = Release|iPhoneSimulator
		{23EBFBED-08FC-4345-AFCD-1A4D1C91363B}.Debug|Any CPU.ActiveCfg = Debug|Any CPU
		{23EBFBED-08FC-4345-AFCD-1A4D1C91363B}.Debug|Any CPU.Build.0 = Debug|Any CPU
		{23EBFBED-08FC-4345-AFCD-1A4D1C91363B}.Debug|Any CPU.Deploy.0 = Debug|Any CPU
		{23EBFBED-08FC-4345-AFCD-1A4D1C91363B}.Debug|iPhone.ActiveCfg = Debug|Any CPU
		{23EBFBED-08FC-4345-AFCD-1A4D1C91363B}.Debug|iPhone.Build.0 = Debug|Any CPU
		{23EBFBED-08FC-4345-AFCD-1A4D1C91363B}.Debug|iPhone.Deploy.0 = Debug|Any CPU
		{23EBFBED-08FC-4345-AFCD-1A4D1C91363B}.Debug|iPhoneSimulator.ActiveCfg = Debug|Any CPU
		{23EBFBED-08FC-4345-AFCD-1A4D1C91363B}.Debug|iPhoneSimulator.Build.0 = Debug|Any CPU
		{23EBFBED-08FC-4345-AFCD-1A4D1C91363B}.Debug|iPhoneSimulator.Deploy.0 = Debug|Any CPU
		{23EBFBED-08FC-4345-AFCD-1A4D1C91363B}.Release|Any CPU.ActiveCfg = Release|Any CPU
		{23EBFBED-08FC-4345-AFCD-1A4D1C91363B}.Release|Any CPU.Build.0 = Release|Any CPU
		{23EBFBED-08FC-4345-AFCD-1A4D1C91363B}.Release|Any CPU.Deploy.0 = Release|Any CPU
		{23EBFBED-08FC-4345-AFCD-1A4D1C91363B}.Release|iPhone.ActiveCfg = Release|Any CPU
		{23EBFBED-08FC-4345-AFCD-1A4D1C91363B}.Release|iPhone.Build.0 = Release|Any CPU
		{23EBFBED-08FC-4345-AFCD-1A4D1C91363B}.Release|iPhone.Deploy.0 = Release|Any CPU
		{23EBFBED-08FC-4345-AFCD-1A4D1C91363B}.Release|iPhoneSimulator.ActiveCfg = Release|Any CPU
		{23EBFBED-08FC-4345-AFCD-1A4D1C91363B}.Release|iPhoneSimulator.Build.0 = Release|Any CPU
		{23EBFBED-08FC-4345-AFCD-1A4D1C91363B}.Release|iPhoneSimulator.Deploy.0 = Release|Any CPU
	EndGlobalSection
	GlobalSection(SolutionProperties) = preSolution
		HideSolutionNode = FALSE
	EndGlobalSection
	GlobalSection(ExtensibilityGlobals) = postSolution
		SolutionGuid = {63348E59-0E44-47F5-B9E3-43AFEE369760}
	EndGlobalSection
EndGlobal
